// !$*UTF8*$!
{
	archiveVersion = 1;
	classes = {
	};
	objectVersion = 51;
	objects = {

/* Begin PBXBuildFile section */
		27EC5BA74D3696E681ECAEF4 /* Pods_TikTok.framework in Frameworks */ = {isa = PBXBuildFile; fileRef = A5D79D988FEC982AE99E2DA9 /* Pods_TikTok.framework */; };
		A34D881126F41D7C00622CCA /* Extensions.swift in Sources */ = {isa = PBXBuildFile; fileRef = A34D881026F41D7C00622CCA /* Extensions.swift */; };
		A34D881326F425CD00622CCA /* PostModel.swift in Sources */ = {isa = PBXBuildFile; fileRef = A34D881226F425CD00622CCA /* PostModel.swift */; };
		A34D881526F47BD900622CCA /* CommentsViewController.swift in Sources */ = {isa = PBXBuildFile; fileRef = A34D881426F47BD900622CCA /* CommentsViewController.swift */; };
		A34D881726F6EDB800622CCA /* PostComment.swift in Sources */ = {isa = PBXBuildFile; fileRef = A34D881626F6EDB800622CCA /* PostComment.swift */; };
		A34D881926F6EE7500622CCA /* User.swift in Sources */ = {isa = PBXBuildFile; fileRef = A34D881826F6EE7500622CCA /* User.swift */; };
		A34D881B26F7507E00622CCA /* CommentTableViewCell.swift in Sources */ = {isa = PBXBuildFile; fileRef = A34D881A26F7507E00622CCA /* CommentTableViewCell.swift */; };
		A34D881D26F75DDE00622CCA /* video.mp4 in Resources */ = {isa = PBXBuildFile; fileRef = A34D881C26F75DDE00622CCA /* video.mp4 */; };
		A34D881F26F76EF300622CCA /* ExploreSection.swift in Sources */ = {isa = PBXBuildFile; fileRef = A34D881E26F76EF300622CCA /* ExploreSection.swift */; };
		A34D882126F76F2800622CCA /* ExploreCell.swift in Sources */ = {isa = PBXBuildFile; fileRef = A34D882026F76F2800622CCA /* ExploreCell.swift */; };
		A34D882326F76F5500622CCA /* ExploreSectionType.swift in Sources */ = {isa = PBXBuildFile; fileRef = A34D882226F76F5500622CCA /* ExploreSectionType.swift */; };
		A34D882526F770DC00622CCA /* ExploreBannerViewModel.swift in Sources */ = {isa = PBXBuildFile; fileRef = A34D882426F770DB00622CCA /* ExploreBannerViewModel.swift */; };
		A34D882726F7711100622CCA /* ExplorePostViewModel.swift in Sources */ = {isa = PBXBuildFile; fileRef = A34D882626F7711100622CCA /* ExplorePostViewModel.swift */; };
		A34D882926F7712D00622CCA /* ExploreHashtagViewModel.swift in Sources */ = {isa = PBXBuildFile; fileRef = A34D882826F7712D00622CCA /* ExploreHashtagViewModel.swift */; };
		A34D882B26F7714500622CCA /* ExploreUserViewModel.swift in Sources */ = {isa = PBXBuildFile; fileRef = A34D882A26F7714500622CCA /* ExploreUserViewModel.swift */; };
		A3C257F426F2D0E4002B371F /* AppDelegate.swift in Sources */ = {isa = PBXBuildFile; fileRef = A3C257F326F2D0E4002B371F /* AppDelegate.swift */; };
		A3C257F626F2D0E4002B371F /* SceneDelegate.swift in Sources */ = {isa = PBXBuildFile; fileRef = A3C257F526F2D0E4002B371F /* SceneDelegate.swift */; };
		A3C257F826F2D0E4002B371F /* HomeViewController.swift in Sources */ = {isa = PBXBuildFile; fileRef = A3C257F726F2D0E4002B371F /* HomeViewController.swift */; };
		A3C257FD26F2D0E5002B371F /* Assets.xcassets in Resources */ = {isa = PBXBuildFile; fileRef = A3C257FC26F2D0E5002B371F /* Assets.xcassets */; };
		A3C2580026F2D0E5002B371F /* LaunchScreen.storyboard in Resources */ = {isa = PBXBuildFile; fileRef = A3C257FE26F2D0E5002B371F /* LaunchScreen.storyboard */; };
		A3C2581126F2DA86002B371F /* ExploreViewController.swift in Sources */ = {isa = PBXBuildFile; fileRef = A3C2581026F2DA86002B371F /* ExploreViewController.swift */; };
		A3C2581326F2DA9A002B371F /* CameraViewController.swift in Sources */ = {isa = PBXBuildFile; fileRef = A3C2581226F2DA9A002B371F /* CameraViewController.swift */; };
		A3C2581526F2DAB2002B371F /* NotificationsViewController.swift in Sources */ = {isa = PBXBuildFile; fileRef = A3C2581426F2DAB2002B371F /* NotificationsViewController.swift */; };
		A3C2581726F2DADE002B371F /* ProfileViewController.swift in Sources */ = {isa = PBXBuildFile; fileRef = A3C2581626F2DADE002B371F /* ProfileViewController.swift */; };
		A3C2581926F2DAF1002B371F /* UserListViewController.swift in Sources */ = {isa = PBXBuildFile; fileRef = A3C2581826F2DAF1002B371F /* UserListViewController.swift */; };
		A3C2581B26F2DAFE002B371F /* SigninViewController.swift in Sources */ = {isa = PBXBuildFile; fileRef = A3C2581A26F2DAFE002B371F /* SigninViewController.swift */; };
		A3C2581D26F2DB05002B371F /* SignUPViewController.swift in Sources */ = {isa = PBXBuildFile; fileRef = A3C2581C26F2DB05002B371F /* SignUPViewController.swift */; };
		A3C2581F26F2DB0F002B371F /* SettingsViewController.swift in Sources */ = {isa = PBXBuildFile; fileRef = A3C2581E26F2DB0F002B371F /* SettingsViewController.swift */; };
		A3C2582126F2DB3F002B371F /* TabBarViewController.swift in Sources */ = {isa = PBXBuildFile; fileRef = A3C2582026F2DB3F002B371F /* TabBarViewController.swift */; };
		A3C2582526F2DBB0002B371F /* PostViewController.swift in Sources */ = {isa = PBXBuildFile; fileRef = A3C2582426F2DBB0002B371F /* PostViewController.swift */; };
		A3C2582926F2E010002B371F /* StorageManager.swift in Sources */ = {isa = PBXBuildFile; fileRef = A3C2582826F2E010002B371F /* StorageManager.swift */; };
		A3C2582B26F2E023002B371F /* DatabaseManager.swift in Sources */ = {isa = PBXBuildFile; fileRef = A3C2582A26F2E023002B371F /* DatabaseManager.swift */; };
		A3C2582D26F2E036002B371F /* Authentication.swift in Sources */ = {isa = PBXBuildFile; fileRef = A3C2582C26F2E036002B371F /* Authentication.swift */; };
		A3C2582F26F2E044002B371F /* HapticsManager.swift in Sources */ = {isa = PBXBuildFile; fileRef = A3C2582E26F2E044002B371F /* HapticsManager.swift */; };
		A3C2583126F31918002B371F /* GoogleService-Info.plist in Resources */ = {isa = PBXBuildFile; fileRef = A3C2583026F31918002B371F /* GoogleService-Info.plist */; };
/* End PBXBuildFile section */

/* Begin PBXFileReference section */
		4E0460C9391A095A57B0A540 /* Pods-TikTok.debug.xcconfig */ = {isa = PBXFileReference; includeInIndex = 1; lastKnownFileType = text.xcconfig; name = "Pods-TikTok.debug.xcconfig"; path = "Target Support Files/Pods-TikTok/Pods-TikTok.debug.xcconfig"; sourceTree = "<group>"; };
		A34D881026F41D7C00622CCA /* Extensions.swift */ = {isa = PBXFileReference; lastKnownFileType = sourcecode.swift; path = Extensions.swift; sourceTree = "<group>"; };
		A34D881226F425CD00622CCA /* PostModel.swift */ = {isa = PBXFileReference; lastKnownFileType = sourcecode.swift; path = PostModel.swift; sourceTree = "<group>"; };
		A34D881426F47BD900622CCA /* CommentsViewController.swift */ = {isa = PBXFileReference; lastKnownFileType = sourcecode.swift; path = CommentsViewController.swift; sourceTree = "<group>"; };
		A34D881626F6EDB800622CCA /* PostComment.swift */ = {isa = PBXFileReference; lastKnownFileType = sourcecode.swift; path = PostComment.swift; sourceTree = "<group>"; };
		A34D881826F6EE7500622CCA /* User.swift */ = {isa = PBXFileReference; lastKnownFileType = sourcecode.swift; path = User.swift; sourceTree = "<group>"; };
		A34D881A26F7507E00622CCA /* CommentTableViewCell.swift */ = {isa = PBXFileReference; lastKnownFileType = sourcecode.swift; path = CommentTableViewCell.swift; sourceTree = "<group>"; };
		A34D881C26F75DDE00622CCA /* video.mp4 */ = {isa = PBXFileReference; lastKnownFileType = file; path = video.mp4; sourceTree = "<group>"; };
		A34D881E26F76EF300622CCA /* ExploreSection.swift */ = {isa = PBXFileReference; lastKnownFileType = sourcecode.swift; path = ExploreSection.swift; sourceTree = "<group>"; };
		A34D882026F76F2800622CCA /* ExploreCell.swift */ = {isa = PBXFileReference; lastKnownFileType = sourcecode.swift; path = ExploreCell.swift; sourceTree = "<group>"; };
		A34D882226F76F5500622CCA /* ExploreSectionType.swift */ = {isa = PBXFileReference; lastKnownFileType = sourcecode.swift; path = ExploreSectionType.swift; sourceTree = "<group>"; };
		A34D882426F770DB00622CCA /* ExploreBannerViewModel.swift */ = {isa = PBXFileReference; lastKnownFileType = sourcecode.swift; path = ExploreBannerViewModel.swift; sourceTree = "<group>"; };
		A34D882626F7711100622CCA /* ExplorePostViewModel.swift */ = {isa = PBXFileReference; lastKnownFileType = sourcecode.swift; path = ExplorePostViewModel.swift; sourceTree = "<group>"; };
		A34D882826F7712D00622CCA /* ExploreHashtagViewModel.swift */ = {isa = PBXFileReference; lastKnownFileType = sourcecode.swift; path = ExploreHashtagViewModel.swift; sourceTree = "<group>"; };
		A34D882A26F7714500622CCA /* ExploreUserViewModel.swift */ = {isa = PBXFileReference; lastKnownFileType = sourcecode.swift; path = ExploreUserViewModel.swift; sourceTree = "<group>"; };
		A3C257F026F2D0E4002B371F /* TikTok.app */ = {isa = PBXFileReference; explicitFileType = wrapper.application; includeInIndex = 0; path = TikTok.app; sourceTree = BUILT_PRODUCTS_DIR; };
		A3C257F326F2D0E4002B371F /* AppDelegate.swift */ = {isa = PBXFileReference; lastKnownFileType = sourcecode.swift; path = AppDelegate.swift; sourceTree = "<group>"; };
		A3C257F526F2D0E4002B371F /* SceneDelegate.swift */ = {isa = PBXFileReference; lastKnownFileType = sourcecode.swift; path = SceneDelegate.swift; sourceTree = "<group>"; };
		A3C257F726F2D0E4002B371F /* HomeViewController.swift */ = {isa = PBXFileReference; lastKnownFileType = sourcecode.swift; path = HomeViewController.swift; sourceTree = "<group>"; };
		A3C257FC26F2D0E5002B371F /* Assets.xcassets */ = {isa = PBXFileReference; lastKnownFileType = folder.assetcatalog; path = Assets.xcassets; sourceTree = "<group>"; };
		A3C257FF26F2D0E5002B371F /* Base */ = {isa = PBXFileReference; lastKnownFileType = file.storyboard; name = Base; path = Base.lproj/LaunchScreen.storyboard; sourceTree = "<group>"; };
		A3C2580126F2D0E5002B371F /* Info.plist */ = {isa = PBXFileReference; lastKnownFileType = text.plist.xml; path = Info.plist; sourceTree = "<group>"; };
		A3C2581026F2DA86002B371F /* ExploreViewController.swift */ = {isa = PBXFileReference; lastKnownFileType = sourcecode.swift; path = ExploreViewController.swift; sourceTree = "<group>"; };
		A3C2581226F2DA9A002B371F /* CameraViewController.swift */ = {isa = PBXFileReference; lastKnownFileType = sourcecode.swift; path = CameraViewController.swift; sourceTree = "<group>"; };
		A3C2581426F2DAB2002B371F /* NotificationsViewController.swift */ = {isa = PBXFileReference; lastKnownFileType = sourcecode.swift; path = NotificationsViewController.swift; sourceTree = "<group>"; };
		A3C2581626F2DADE002B371F /* ProfileViewController.swift */ = {isa = PBXFileReference; lastKnownFileType = sourcecode.swift; path = ProfileViewController.swift; sourceTree = "<group>"; };
		A3C2581826F2DAF1002B371F /* UserListViewController.swift */ = {isa = PBXFileReference; lastKnownFileType = sourcecode.swift; path = UserListViewController.swift; sourceTree = "<group>"; };
		A3C2581A26F2DAFE002B371F /* SigninViewController.swift */ = {isa = PBXFileReference; lastKnownFileType = sourcecode.swift; path = SigninViewController.swift; sourceTree = "<group>"; };
		A3C2581C26F2DB05002B371F /* SignUPViewController.swift */ = {isa = PBXFileReference; lastKnownFileType = sourcecode.swift; path = SignUPViewController.swift; sourceTree = "<group>"; };
		A3C2581E26F2DB0F002B371F /* SettingsViewController.swift */ = {isa = PBXFileReference; lastKnownFileType = sourcecode.swift; path = SettingsViewController.swift; sourceTree = "<group>"; };
		A3C2582026F2DB3F002B371F /* TabBarViewController.swift */ = {isa = PBXFileReference; lastKnownFileType = sourcecode.swift; path = TabBarViewController.swift; sourceTree = "<group>"; };
		A3C2582426F2DBB0002B371F /* PostViewController.swift */ = {isa = PBXFileReference; lastKnownFileType = sourcecode.swift; path = PostViewController.swift; sourceTree = "<group>"; };
		A3C2582826F2E010002B371F /* StorageManager.swift */ = {isa = PBXFileReference; lastKnownFileType = sourcecode.swift; path = StorageManager.swift; sourceTree = "<group>"; };
		A3C2582A26F2E023002B371F /* DatabaseManager.swift */ = {isa = PBXFileReference; lastKnownFileType = sourcecode.swift; path = DatabaseManager.swift; sourceTree = "<group>"; };
		A3C2582C26F2E036002B371F /* Authentication.swift */ = {isa = PBXFileReference; lastKnownFileType = sourcecode.swift; path = Authentication.swift; sourceTree = "<group>"; };
		A3C2582E26F2E044002B371F /* HapticsManager.swift */ = {isa = PBXFileReference; lastKnownFileType = sourcecode.swift; path = HapticsManager.swift; sourceTree = "<group>"; };
		A3C2583026F31918002B371F /* GoogleService-Info.plist */ = {isa = PBXFileReference; fileEncoding = 4; lastKnownFileType = text.plist.xml; path = "GoogleService-Info.plist"; sourceTree = "<group>"; };
		A5D79D988FEC982AE99E2DA9 /* Pods_TikTok.framework */ = {isa = PBXFileReference; explicitFileType = wrapper.framework; includeInIndex = 0; path = Pods_TikTok.framework; sourceTree = BUILT_PRODUCTS_DIR; };
		D5EE93127C16CBDB7DA3704C /* Pods-TikTok.release.xcconfig */ = {isa = PBXFileReference; includeInIndex = 1; lastKnownFileType = text.xcconfig; name = "Pods-TikTok.release.xcconfig"; path = "Target Support Files/Pods-TikTok/Pods-TikTok.release.xcconfig"; sourceTree = "<group>"; };
/* End PBXFileReference section */

/* Begin PBXFrameworksBuildPhase section */
		A3C257ED26F2D0E4002B371F /* Frameworks */ = {
			isa = PBXFrameworksBuildPhase;
			buildActionMask = 2147483647;
			files = (
				27EC5BA74D3696E681ECAEF4 /* Pods_TikTok.framework in Frameworks */,
			);
			runOnlyForDeploymentPostprocessing = 0;
		};
/* End PBXFrameworksBuildPhase section */

/* Begin PBXGroup section */
		399E4413A898FC095A69F6AC /* Frameworks */ = {
			isa = PBXGroup;
			children = (
				A5D79D988FEC982AE99E2DA9 /* Pods_TikTok.framework */,
			);
			name = Frameworks;
			sourceTree = "<group>";
		};
		A3C257E726F2D0E4002B371F = {
			isa = PBXGroup;
			children = (
				A3C257F226F2D0E4002B371F /* TikTok */,
				A3C257F126F2D0E4002B371F /* Products */,
				F52F4EB69345EF7C0B6ECD78 /* Pods */,
				399E4413A898FC095A69F6AC /* Frameworks */,
			);
			sourceTree = "<group>";
		};
		A3C257F126F2D0E4002B371F /* Products */ = {
			isa = PBXGroup;
			children = (
				A3C257F026F2D0E4002B371F /* TikTok.app */,
			);
			name = Products;
			sourceTree = "<group>";
		};
		A3C257F226F2D0E4002B371F /* TikTok */ = {
			isa = PBXGroup;
			children = (
				A3C2580C26F2D9AB002B371F /* Managers */,
				A3C2580B26F2D9A3002B371F /* ViewModels */,
				A3C2580A26F2D99B002B371F /* Models */,
				A3C2580926F2D98C002B371F /* Views */,
				A3C2580826F2D96D002B371F /* Controllers */,
				A3C2580726F2D94F002B371F /* Resources */,
				A3C2580126F2D0E5002B371F /* Info.plist */,
			);
			path = TikTok;
			sourceTree = "<group>";
		};
		A3C2580726F2D94F002B371F /* Resources */ = {
			isa = PBXGroup;
			children = (
				A3C257FC26F2D0E5002B371F /* Assets.xcassets */,
				A34D881C26F75DDE00622CCA /* video.mp4 */,
				A3C2583026F31918002B371F /* GoogleService-Info.plist */,
				A3C257F326F2D0E4002B371F /* AppDelegate.swift */,
				A3C257F526F2D0E4002B371F /* SceneDelegate.swift */,
				A34D881026F41D7C00622CCA /* Extensions.swift */,
			);
			path = Resources;
			sourceTree = "<group>";
		};
		A3C2580826F2D96D002B371F /* Controllers */ = {
			isa = PBXGroup;
			children = (
				A3C2580F26F2DA42002B371F /* Other */,
				A3C2580D26F2DA23002B371F /* Core */,
			);
			path = Controllers;
			sourceTree = "<group>";
		};
		A3C2580926F2D98C002B371F /* Views */ = {
			isa = PBXGroup;
			children = (
				A3C2582326F2DB70002B371F /* Other */,
				A3C2582226F2DB59002B371F /* Storyboards */,
			);
			path = Views;
			sourceTree = "<group>";
		};
		A3C2580A26F2D99B002B371F /* Models */ = {
			isa = PBXGroup;
			children = (
				A34D881226F425CD00622CCA /* PostModel.swift */,
				A34D881626F6EDB800622CCA /* PostComment.swift */,
				A34D881826F6EE7500622CCA /* User.swift */,
				A34D881E26F76EF300622CCA /* ExploreSection.swift */,
				A34D882026F76F2800622CCA /* ExploreCell.swift */,
				A34D882226F76F5500622CCA /* ExploreSectionType.swift */,
			);
			path = Models;
			sourceTree = "<group>";
		};
		A3C2580B26F2D9A3002B371F /* ViewModels */ = {
			isa = PBXGroup;
			children = (
				A34D882426F770DB00622CCA /* ExploreBannerViewModel.swift */,
				A34D882626F7711100622CCA /* ExplorePostViewModel.swift */,
				A34D882826F7712D00622CCA /* ExploreHashtagViewModel.swift */,
				A34D882A26F7714500622CCA /* ExploreUserViewModel.swift */,
			);
			path = ViewModels;
			sourceTree = "<group>";
		};
		A3C2580C26F2D9AB002B371F /* Managers */ = {
			isa = PBXGroup;
			children = (
				A3C2582826F2E010002B371F /* StorageManager.swift */,
				A3C2582A26F2E023002B371F /* DatabaseManager.swift */,
				A3C2582C26F2E036002B371F /* Authentication.swift */,
				A3C2582E26F2E044002B371F /* HapticsManager.swift */,
			);
			path = Managers;
			sourceTree = "<group>";
		};
		A3C2580D26F2DA23002B371F /* Core */ = {
			isa = PBXGroup;
			children = (
				A3C257F726F2D0E4002B371F /* HomeViewController.swift */,
				A3C2581026F2DA86002B371F /* ExploreViewController.swift */,
				A3C2581226F2DA9A002B371F /* CameraViewController.swift */,
				A3C2581426F2DAB2002B371F /* NotificationsViewController.swift */,
				A3C2581626F2DADE002B371F /* ProfileViewController.swift */,
				A3C2582026F2DB3F002B371F /* TabBarViewController.swift */,
			);
			path = Core;
			sourceTree = "<group>";
		};
		A3C2580F26F2DA42002B371F /* Other */ = {
			isa = PBXGroup;
			children = (
				A3C2581826F2DAF1002B371F /* UserListViewController.swift */,
				A3C2581A26F2DAFE002B371F /* SigninViewController.swift */,
				A3C2581C26F2DB05002B371F /* SignUPViewController.swift */,
				A3C2581E26F2DB0F002B371F /* SettingsViewController.swift */,
				A3C2582426F2DBB0002B371F /* PostViewController.swift */,
				A34D881426F47BD900622CCA /* CommentsViewController.swift */,
			);
			path = Other;
			sourceTree = "<group>";
		};
		A3C2582226F2DB59002B371F /* Storyboards */ = {
			isa = PBXGroup;
			children = (
				A3C257FE26F2D0E5002B371F /* LaunchScreen.storyboard */,
			);
			path = Storyboards;
			sourceTree = "<group>";
		};
		A3C2582326F2DB70002B371F /* Other */ = {
			isa = PBXGroup;
			children = (
				A34D881A26F7507E00622CCA /* CommentTableViewCell.swift */,
			);
			path = Other;
			sourceTree = "<group>";
		};
		F52F4EB69345EF7C0B6ECD78 /* Pods */ = {
			isa = PBXGroup;
			children = (
				4E0460C9391A095A57B0A540 /* Pods-TikTok.debug.xcconfig */,
				D5EE93127C16CBDB7DA3704C /* Pods-TikTok.release.xcconfig */,
			);
			path = Pods;
			sourceTree = "<group>";
		};
/* End PBXGroup section */

/* Begin PBXNativeTarget section */
		A3C257EF26F2D0E4002B371F /* TikTok */ = {
			isa = PBXNativeTarget;
			buildConfigurationList = A3C2580426F2D0E5002B371F /* Build configuration list for PBXNativeTarget "TikTok" */;
			buildPhases = (
				DFA6CE705E8FEEC42DC43DE4 /* [CP] Check Pods Manifest.lock */,
				A3C257EC26F2D0E4002B371F /* Sources */,
				A3C257ED26F2D0E4002B371F /* Frameworks */,
				A3C257EE26F2D0E4002B371F /* Resources */,
				CB398C9D0F0F5AECD2399655 /* [CP] Embed Pods Frameworks */,
				A3C2583226F31B68002B371F /* ShellScript */,
			);
			buildRules = (
			);
			dependencies = (
			);
			name = TikTok;
			productName = TikTok;
			productReference = A3C257F026F2D0E4002B371F /* TikTok.app */;
			productType = "com.apple.product-type.application";
		};
/* End PBXNativeTarget section */

/* Begin PBXProject section */
		A3C257E826F2D0E4002B371F /* Project object */ = {
			isa = PBXProject;
			attributes = {
				LastSwiftUpdateCheck = 1250;
				LastUpgradeCheck = 1250;
				TargetAttributes = {
					A3C257EF26F2D0E4002B371F = {
						CreatedOnToolsVersion = 12.5.1;
					};
				};
			};
			buildConfigurationList = A3C257EB26F2D0E4002B371F /* Build configuration list for PBXProject "TikTok" */;
			compatibilityVersion = "Xcode 9.3";
			developmentRegion = en;
			hasScannedForEncodings = 0;
			knownRegions = (
				en,
				Base,
			);
			mainGroup = A3C257E726F2D0E4002B371F;
			productRefGroup = A3C257F126F2D0E4002B371F /* Products */;
			projectDirPath = "";
			projectRoot = "";
			targets = (
				A3C257EF26F2D0E4002B371F /* TikTok */,
			);
		};
/* End PBXProject section */

/* Begin PBXResourcesBuildPhase section */
		A3C257EE26F2D0E4002B371F /* Resources */ = {
			isa = PBXResourcesBuildPhase;
			buildActionMask = 2147483647;
			files = (
				A3C2580026F2D0E5002B371F /* LaunchScreen.storyboard in Resources */,
				A3C257FD26F2D0E5002B371F /* Assets.xcassets in Resources */,
				A3C2583126F31918002B371F /* GoogleService-Info.plist in Resources */,
				A34D881D26F75DDE00622CCA /* video.mp4 in Resources */,
			);
			runOnlyForDeploymentPostprocessing = 0;
		};
/* End PBXResourcesBuildPhase section */

/* Begin PBXShellScriptBuildPhase section */
		A3C2583226F31B68002B371F /* ShellScript */ = {
			isa = PBXShellScriptBuildPhase;
			buildActionMask = 2147483647;
			files = (
			);
			inputFileListPaths = (
			);
			inputPaths = (
			);
			outputFileListPaths = (
			);
			outputPaths = (
			);
			runOnlyForDeploymentPostprocessing = 0;
			shellPath = /bin/sh;
			shellScript = "\"${PODS_ROOT}/FirebaseCrashlytics/run\"\n";
		};
		CB398C9D0F0F5AECD2399655 /* [CP] Embed Pods Frameworks */ = {
			isa = PBXShellScriptBuildPhase;
			buildActionMask = 2147483647;
			files = (
			);
			inputFileListPaths = (
				"${PODS_ROOT}/Target Support Files/Pods-TikTok/Pods-TikTok-frameworks-${CONFIGURATION}-input-files.xcfilelist",
			);
			name = "[CP] Embed Pods Frameworks";
			outputFileListPaths = (
				"${PODS_ROOT}/Target Support Files/Pods-TikTok/Pods-TikTok-frameworks-${CONFIGURATION}-output-files.xcfilelist",
			);
			runOnlyForDeploymentPostprocessing = 0;
			shellPath = /bin/sh;
			shellScript = "\"${PODS_ROOT}/Target Support Files/Pods-TikTok/Pods-TikTok-frameworks.sh\"\n";
			showEnvVarsInLog = 0;
		};
		DFA6CE705E8FEEC42DC43DE4 /* [CP] Check Pods Manifest.lock */ = {
			isa = PBXShellScriptBuildPhase;
			buildActionMask = 2147483647;
			files = (
			);
			inputFileListPaths = (
			);
			inputPaths = (
				"${PODS_PODFILE_DIR_PATH}/Podfile.lock",
				"${PODS_ROOT}/Manifest.lock",
			);
			name = "[CP] Check Pods Manifest.lock";
			outputFileListPaths = (
			);
			outputPaths = (
				"$(DERIVED_FILE_DIR)/Pods-TikTok-checkManifestLockResult.txt",
			);
			runOnlyForDeploymentPostprocessing = 0;
			shellPath = /bin/sh;
			shellScript = "diff \"${PODS_PODFILE_DIR_PATH}/Podfile.lock\" \"${PODS_ROOT}/Manifest.lock\" > /dev/null\nif [ $? != 0 ] ; then\n    # print error to STDERR\n    echo \"error: The sandbox is not in sync with the Podfile.lock. Run 'pod install' or update your CocoaPods installation.\" >&2\n    exit 1\nfi\n# This output is used by Xcode 'outputs' to avoid re-running this script phase.\necho \"SUCCESS\" > \"${SCRIPT_OUTPUT_FILE_0}\"\n";
			showEnvVarsInLog = 0;
		};
/* End PBXShellScriptBuildPhase section */

/* Begin PBXSourcesBuildPhase section */
		A3C257EC26F2D0E4002B371F /* Sources */ = {
			isa = PBXSourcesBuildPhase;
			buildActionMask = 2147483647;
			files = (
				A34D881526F47BD900622CCA /* CommentsViewController.swift in Sources */,
				A3C2582F26F2E044002B371F /* HapticsManager.swift in Sources */,
				A34D881126F41D7C00622CCA /* Extensions.swift in Sources */,
				A34D881F26F76EF300622CCA /* ExploreSection.swift in Sources */,
				A34D881B26F7507E00622CCA /* CommentTableViewCell.swift in Sources */,
				A3C2582B26F2E023002B371F /* DatabaseManager.swift in Sources */,
				A3C2581D26F2DB05002B371F /* SignUPViewController.swift in Sources */,
				A34D882926F7712D00622CCA /* ExploreHashtagViewModel.swift in Sources */,
				A3C2581126F2DA86002B371F /* ExploreViewController.swift in Sources */,
				A3C2581F26F2DB0F002B371F /* SettingsViewController.swift in Sources */,
				A3C2582526F2DBB0002B371F /* PostViewController.swift in Sources */,
				A34D882726F7711100622CCA /* ExplorePostViewModel.swift in Sources */,
				A34D882126F76F2800622CCA /* ExploreCell.swift in Sources */,
				A3C2581926F2DAF1002B371F /* UserListViewController.swift in Sources */,
				A34D882526F770DC00622CCA /* ExploreBannerViewModel.swift in Sources */,
				A34D882B26F7714500622CCA /* ExploreUserViewModel.swift in Sources */,
				A3C2582126F2DB3F002B371F /* TabBarViewController.swift in Sources */,
				A34D881926F6EE7500622CCA /* User.swift in Sources */,
				A3C2582D26F2E036002B371F /* Authentication.swift in Sources */,
				A3C2581326F2DA9A002B371F /* CameraViewController.swift in Sources */,
				A3C2581526F2DAB2002B371F /* NotificationsViewController.swift in Sources */,
				A3C257F826F2D0E4002B371F /* HomeViewController.swift in Sources */,
				A34D881726F6EDB800622CCA /* PostComment.swift in Sources */,
				A3C2581726F2DADE002B371F /* ProfileViewController.swift in Sources */,
				A34D881326F425CD00622CCA /* PostModel.swift in Sources */,
				A3C257F426F2D0E4002B371F /* AppDelegate.swift in Sources */,
				A3C2582926F2E010002B371F /* StorageManager.swift in Sources */,
				A3C257F626F2D0E4002B371F /* SceneDelegate.swift in Sources */,
				A3C2581B26F2DAFE002B371F /* SigninViewController.swift in Sources */,
				A34D882326F76F5500622CCA /* ExploreSectionType.swift in Sources */,
			);
			runOnlyForDeploymentPostprocessing = 0;
		};
/* End PBXSourcesBuildPhase section */

/* Begin PBXVariantGroup section */
		A3C257FE26F2D0E5002B371F /* LaunchScreen.storyboard */ = {
			isa = PBXVariantGroup;
			children = (
				A3C257FF26F2D0E5002B371F /* Base */,
			);
			name = LaunchScreen.storyboard;
			sourceTree = "<group>";
		};
/* End PBXVariantGroup section */

/* Begin XCBuildConfiguration section */
		A3C2580226F2D0E5002B371F /* Debug */ = {
			isa = XCBuildConfiguration;
			buildSettings = {
				ALWAYS_SEARCH_USER_PATHS = NO;
				CLANG_ANALYZER_NONNULL = YES;
				CLANG_ANALYZER_NUMBER_OBJECT_CONVERSION = YES_AGGRESSIVE;
				CLANG_CXX_LANGUAGE_STANDARD = "gnu++14";
				CLANG_CXX_LIBRARY = "libc++";
				CLANG_ENABLE_MODULES = YES;
				CLANG_ENABLE_OBJC_ARC = YES;
				CLANG_ENABLE_OBJC_WEAK = YES;
				CLANG_WARN_BLOCK_CAPTURE_AUTORELEASING = YES;
				CLANG_WARN_BOOL_CONVERSION = YES;
				CLANG_WARN_COMMA = YES;
				CLANG_WARN_CONSTANT_CONVERSION = YES;
				CLANG_WARN_DEPRECATED_OBJC_IMPLEMENTATIONS = YES;
				CLANG_WARN_DIRECT_OBJC_ISA_USAGE = YES_ERROR;
				CLANG_WARN_DOCUMENTATION_COMMENTS = YES;
				CLANG_WARN_EMPTY_BODY = YES;
				CLANG_WARN_ENUM_CONVERSION = YES;
				CLANG_WARN_INFINITE_RECURSION = YES;
				CLANG_WARN_INT_CONVERSION = YES;
				CLANG_WARN_NON_LITERAL_NULL_CONVERSION = YES;
				CLANG_WARN_OBJC_IMPLICIT_RETAIN_SELF = YES;
				CLANG_WARN_OBJC_LITERAL_CONVERSION = YES;
				CLANG_WARN_OBJC_ROOT_CLASS = YES_ERROR;
				CLANG_WARN_QUOTED_INCLUDE_IN_FRAMEWORK_HEADER = YES;
				CLANG_WARN_RANGE_LOOP_ANALYSIS = YES;
				CLANG_WARN_STRICT_PROTOTYPES = YES;
				CLANG_WARN_SUSPICIOUS_MOVE = YES;
				CLANG_WARN_UNGUARDED_AVAILABILITY = YES_AGGRESSIVE;
				CLANG_WARN_UNREACHABLE_CODE = YES;
				CLANG_WARN__DUPLICATE_METHOD_MATCH = YES;
				COPY_PHASE_STRIP = NO;
				DEBUG_INFORMATION_FORMAT = dwarf;
				ENABLE_STRICT_OBJC_MSGSEND = YES;
				ENABLE_TESTABILITY = YES;
				GCC_C_LANGUAGE_STANDARD = gnu11;
				GCC_DYNAMIC_NO_PIC = NO;
				GCC_NO_COMMON_BLOCKS = YES;
				GCC_OPTIMIZATION_LEVEL = 0;
				GCC_PREPROCESSOR_DEFINITIONS = (
					"DEBUG=1",
					"$(inherited)",
				);
				GCC_WARN_64_TO_32_BIT_CONVERSION = YES;
				GCC_WARN_ABOUT_RETURN_TYPE = YES_ERROR;
				GCC_WARN_UNDECLARED_SELECTOR = YES;
				GCC_WARN_UNINITIALIZED_AUTOS = YES_AGGRESSIVE;
				GCC_WARN_UNUSED_FUNCTION = YES;
				GCC_WARN_UNUSED_VARIABLE = YES;
				IPHONEOS_DEPLOYMENT_TARGET = 14.5;
				MTL_ENABLE_DEBUG_INFO = INCLUDE_SOURCE;
				MTL_FAST_MATH = YES;
				ONLY_ACTIVE_ARCH = YES;
				SDKROOT = iphoneos;
				SWIFT_ACTIVE_COMPILATION_CONDITIONS = DEBUG;
				SWIFT_OPTIMIZATION_LEVEL = "-Onone";
			};
			name = Debug;
		};
		A3C2580326F2D0E5002B371F /* Release */ = {
			isa = XCBuildConfiguration;
			buildSettings = {
				ALWAYS_SEARCH_USER_PATHS = NO;
				CLANG_ANALYZER_NONNULL = YES;
				CLANG_ANALYZER_NUMBER_OBJECT_CONVERSION = YES_AGGRESSIVE;
				CLANG_CXX_LANGUAGE_STANDARD = "gnu++14";
				CLANG_CXX_LIBRARY = "libc++";
				CLANG_ENABLE_MODULES = YES;
				CLANG_ENABLE_OBJC_ARC = YES;
				CLANG_ENABLE_OBJC_WEAK = YES;
				CLANG_WARN_BLOCK_CAPTURE_AUTORELEASING = YES;
				CLANG_WARN_BOOL_CONVERSION = YES;
				CLANG_WARN_COMMA = YES;
				CLANG_WARN_CONSTANT_CONVERSION = YES;
				CLANG_WARN_DEPRECATED_OBJC_IMPLEMENTATIONS = YES;
				CLANG_WARN_DIRECT_OBJC_ISA_USAGE = YES_ERROR;
				CLANG_WARN_DOCUMENTATION_COMMENTS = YES;
				CLANG_WARN_EMPTY_BODY = YES;
				CLANG_WARN_ENUM_CONVERSION = YES;
				CLANG_WARN_INFINITE_RECURSION = YES;
				CLANG_WARN_INT_CONVERSION = YES;
				CLANG_WARN_NON_LITERAL_NULL_CONVERSION = YES;
				CLANG_WARN_OBJC_IMPLICIT_RETAIN_SELF = YES;
				CLANG_WARN_OBJC_LITERAL_CONVERSION = YES;
				CLANG_WARN_OBJC_ROOT_CLASS = YES_ERROR;
				CLANG_WARN_QUOTED_INCLUDE_IN_FRAMEWORK_HEADER = YES;
				CLANG_WARN_RANGE_LOOP_ANALYSIS = YES;
				CLANG_WARN_STRICT_PROTOTYPES = YES;
				CLANG_WARN_SUSPICIOUS_MOVE = YES;
				CLANG_WARN_UNGUARDED_AVAILABILITY = YES_AGGRESSIVE;
				CLANG_WARN_UNREACHABLE_CODE = YES;
				CLANG_WARN__DUPLICATE_METHOD_MATCH = YES;
				COPY_PHASE_STRIP = NO;
				DEBUG_INFORMATION_FORMAT = "dwarf-with-dsym";
				ENABLE_NS_ASSERTIONS = NO;
				ENABLE_STRICT_OBJC_MSGSEND = YES;
				GCC_C_LANGUAGE_STANDARD = gnu11;
				GCC_NO_COMMON_BLOCKS = YES;
				GCC_WARN_64_TO_32_BIT_CONVERSION = YES;
				GCC_WARN_ABOUT_RETURN_TYPE = YES_ERROR;
				GCC_WARN_UNDECLARED_SELECTOR = YES;
				GCC_WARN_UNINITIALIZED_AUTOS = YES_AGGRESSIVE;
				GCC_WARN_UNUSED_FUNCTION = YES;
				GCC_WARN_UNUSED_VARIABLE = YES;
				IPHONEOS_DEPLOYMENT_TARGET = 14.5;
				MTL_ENABLE_DEBUG_INFO = NO;
				MTL_FAST_MATH = YES;
				SDKROOT = iphoneos;
				SWIFT_COMPILATION_MODE = wholemodule;
				SWIFT_OPTIMIZATION_LEVEL = "-O";
				VALIDATE_PRODUCT = YES;
			};
			name = Release;
		};
		A3C2580526F2D0E5002B371F /* Debug */ = {
			isa = XCBuildConfiguration;
			baseConfigurationReference = 4E0460C9391A095A57B0A540 /* Pods-TikTok.debug.xcconfig */;
			buildSettings = {
				ASSETCATALOG_COMPILER_APPICON_NAME = AppIcon;
				ASSETCATALOG_COMPILER_GLOBAL_ACCENT_COLOR_NAME = AccentColor;
				CODE_SIGN_STYLE = Automatic;
				DEVELOPMENT_TEAM = G94TUA364T;
				INFOPLIST_FILE = TikTok/Info.plist;
				IPHONEOS_DEPLOYMENT_TARGET = 13.0;
				LD_RUNPATH_SEARCH_PATHS = (
					"$(inherited)",
					"@executable_path/Frameworks",
				);
				PRODUCT_BUNDLE_IDENTIFIER = com.leah.TikTok;
				PRODUCT_NAME = "$(TARGET_NAME)";
				SWIFT_VERSION = 5.0;
				TARGETED_DEVICE_FAMILY = 1;
			};
			name = Debug;
		};
		A3C2580626F2D0E5002B371F /* Release */ = {
			isa = XCBuildConfiguration;
			baseConfigurationReference = D5EE93127C16CBDB7DA3704C /* Pods-TikTok.release.xcconfig */;
			buildSettings = {
				ASSETCATALOG_COMPILER_APPICON_NAME = AppIcon;
				ASSETCATALOG_COMPILER_GLOBAL_ACCENT_COLOR_NAME = AccentColor;
				CODE_SIGN_STYLE = Automatic;
				DEVELOPMENT_TEAM = G94TUA364T;
				INFOPLIST_FILE = TikTok/Info.plist;
				IPHONEOS_DEPLOYMENT_TARGET = 13.0;
				LD_RUNPATH_SEARCH_PATHS = (
					"$(inherited)",
					"@executable_path/Frameworks",
				);
				PRODUCT_BUNDLE_IDENTIFIER = com.leah.TikTok;
				PRODUCT_NAME = "$(TARGET_NAME)";
				SWIFT_VERSION = 5.0;
				TARGETED_DEVICE_FAMILY = 1;
			};
			name = Release;
		};
/* End XCBuildConfiguration section */

/* Begin XCConfigurationList section */
		A3C257EB26F2D0E4002B371F /* Build configuration list for PBXProject "TikTok" */ = {
			isa = XCConfigurationList;
			buildConfigurations = (
				A3C2580226F2D0E5002B371F /* Debug */,
				A3C2580326F2D0E5002B371F /* Release */,
			);
			defaultConfigurationIsVisible = 0;
			defaultConfigurationName = Release;
		};
		A3C2580426F2D0E5002B371F /* Build configuration list for PBXNativeTarget "TikTok" */ = {
			isa = XCConfigurationList;
			buildConfigurations = (
				A3C2580526F2D0E5002B371F /* Debug */,
				A3C2580626F2D0E5002B371F /* Release */,
			);
			defaultConfigurationIsVisible = 0;
			defaultConfigurationName = Release;
		};
/* End XCConfigurationList section */
	};
	rootObject = A3C257E826F2D0E4002B371F /* Project object */;
}
